// !$*UTF8*$!
{
	archiveVersion = 1;
	classes = {
	};
	objectVersion = 50;
	objects = {

/* Begin PBXBuildFile section */
		D8688AD224BFDD7400F3EAB8 /* RohingyaArticleViewController.swift in Sources */ = {isa = PBXBuildFile; fileRef = D8688AD124BFDD7400F3EAB8 /* RohingyaArticleViewController.swift */; };
		D8EBBB7D24BE50E7006E850D /* AppDelegate.swift in Sources */ = {isa = PBXBuildFile; fileRef = D8EBBB7C24BE50E7006E850D /* AppDelegate.swift */; };
		D8EBBB7F24BE50E7006E850D /* SceneDelegate.swift in Sources */ = {isa = PBXBuildFile; fileRef = D8EBBB7E24BE50E7006E850D /* SceneDelegate.swift */; };
		D8EBBB8124BE50E7006E850D /* ViewController.swift in Sources */ = {isa = PBXBuildFile; fileRef = D8EBBB8024BE50E7006E850D /* ViewController.swift */; };
		D8EBBB8424BE50E7006E850D /* Main.storyboard in Resources */ = {isa = PBXBuildFile; fileRef = D8EBBB8224BE50E7006E850D /* Main.storyboard */; };
		D8EBBB8724BE50E7006E850D /* updatedApp.xcdatamodeld in Sources */ = {isa = PBXBuildFile; fileRef = D8EBBB8524BE50E7006E850D /* updatedApp.xcdatamodeld */; };
		D8EBBB8924BE50E9006E850D /* Assets.xcassets in Resources */ = {isa = PBXBuildFile; fileRef = D8EBBB8824BE50E9006E850D /* Assets.xcassets */; };
		D8EBBB8C24BE50E9006E850D /* LaunchScreen.storyboard in Resources */ = {isa = PBXBuildFile; fileRef = D8EBBB8A24BE50E9006E850D /* LaunchScreen.storyboard */; };
		D8EBBB9724BE50E9006E850D /* updatedAppTests.swift in Sources */ = {isa = PBXBuildFile; fileRef = D8EBBB9624BE50E9006E850D /* updatedAppTests.swift */; };
		D8EBBBA224BE50E9006E850D /* updatedAppUITests.swift in Sources */ = {isa = PBXBuildFile; fileRef = D8EBBBA124BE50E9006E850D /* updatedAppUITests.swift */; };
/* End PBXBuildFile section */

/* Begin PBXContainerItemProxy section */
		D8EBBB9324BE50E9006E850D /* PBXContainerItemProxy */ = {
			isa = PBXContainerItemProxy;
			containerPortal = D8EBBB7124BE50E7006E850D /* Project object */;
			proxyType = 1;
			remoteGlobalIDString = D8EBBB7824BE50E7006E850D;
			remoteInfo = updatedApp;
		};
		D8EBBB9E24BE50E9006E850D /* PBXContainerItemProxy */ = {
			isa = PBXContainerItemProxy;
			containerPortal = D8EBBB7124BE50E7006E850D /* Project object */;
			proxyType = 1;
			remoteGlobalIDString = D8EBBB7824BE50E7006E850D;
			remoteInfo = updatedApp;
		};
/* End PBXContainerItemProxy section */

/* Begin PBXFileReference section */
		D8688AD124BFDD7400F3EAB8 /* RohingyaArticleViewController.swift */ = {isa = PBXFileReference; lastKnownFileType = sourcecode.swift; path = RohingyaArticleViewController.swift; sourceTree = "<group>"; };
		D8EBBB7924BE50E7006E850D /* updatedApp.app */ = {isa = PBXFileReference; explicitFileType = wrapper.application; includeInIndex = 0; path = updatedApp.app; sourceTree = BUILT_PRODUCTS_DIR; };
		D8EBBB7C24BE50E7006E850D /* AppDelegate.swift */ = {isa = PBXFileReference; lastKnownFileType = sourcecode.swift; path = AppDelegate.swift; sourceTree = "<group>"; };
		D8EBBB7E24BE50E7006E850D /* SceneDelegate.swift */ = {isa = PBXFileReference; lastKnownFileType = sourcecode.swift; path = SceneDelegate.swift; sourceTree = "<group>"; };
		D8EBBB8024BE50E7006E850D /* ViewController.swift */ = {isa = PBXFileReference; lastKnownFileType = sourcecode.swift; path = ViewController.swift; sourceTree = "<group>"; };
		D8EBBB8324BE50E7006E850D /* Base */ = {isa = PBXFileReference; lastKnownFileType = file.storyboard; name = Base; path = Base.lproj/Main.storyboard; sourceTree = "<group>"; };
		D8EBBB8624BE50E7006E850D /* updatedApp.xcdatamodel */ = {isa = PBXFileReference; lastKnownFileType = wrapper.xcdatamodel; path = updatedApp.xcdatamodel; sourceTree = "<group>"; };
		D8EBBB8824BE50E9006E850D /* Assets.xcassets */ = {isa = PBXFileReference; lastKnownFileType = folder.assetcatalog; path = Assets.xcassets; sourceTree = "<group>"; };
		D8EBBB8B24BE50E9006E850D /* Base */ = {isa = PBXFileReference; lastKnownFileType = file.storyboard; name = Base; path = Base.lproj/LaunchScreen.storyboard; sourceTree = "<group>"; };
		D8EBBB8D24BE50E9006E850D /* Info.plist */ = {isa = PBXFileReference; lastKnownFileType = text.plist.xml; path = Info.plist; sourceTree = "<group>"; };
		D8EBBB9224BE50E9006E850D /* updatedAppTests.xctest */ = {isa = PBXFileReference; explicitFileType = wrapper.cfbundle; includeInIndex = 0; path = updatedAppTests.xctest; sourceTree = BUILT_PRODUCTS_DIR; };
		D8EBBB9624BE50E9006E850D /* updatedAppTests.swift */ = {isa = PBXFileReference; lastKnownFileType = sourcecode.swift; path = updatedAppTests.swift; sourceTree = "<group>"; };
		D8EBBB9824BE50E9006E850D /* Info.plist */ = {isa = PBXFileReference; lastKnownFileType = text.plist.xml; path = Info.plist; sourceTree = "<group>"; };
		D8EBBB9D24BE50E9006E850D /* updatedAppUITests.xctest */ = {isa = PBXFileReference; explicitFileType = wrapper.cfbundle; includeInIndex = 0; path = updatedAppUITests.xctest; sourceTree = BUILT_PRODUCTS_DIR; };
		D8EBBBA124BE50E9006E850D /* updatedAppUITests.swift */ = {isa = PBXFileReference; lastKnownFileType = sourcecode.swift; path = updatedAppUITests.swift; sourceTree = "<group>"; };
		D8EBBBA324BE50E9006E850D /* Info.plist */ = {isa = PBXFileReference; lastKnownFileType = text.plist.xml; path = Info.plist; sourceTree = "<group>"; };
/* End PBXFileReference section */

/* Begin PBXFrameworksBuildPhase section */
		D8EBBB7624BE50E7006E850D /* Frameworks */ = {
			isa = PBXFrameworksBuildPhase;
			buildActionMask = 2147483647;
			files = (
			);
			runOnlyForDeploymentPostprocessing = 0;
		};
		D8EBBB8F24BE50E9006E850D /* Frameworks */ = {
			isa = PBXFrameworksBuildPhase;
			buildActionMask = 2147483647;
			files = (
			);
			runOnlyForDeploymentPostprocessing = 0;
		};
		D8EBBB9A24BE50E9006E850D /* Frameworks */ = {
			isa = PBXFrameworksBuildPhase;
			buildActionMask = 2147483647;
			files = (
			);
			runOnlyForDeploymentPostprocessing = 0;
		};
/* End PBXFrameworksBuildPhase section */

/* Begin PBXGroup section */
		D8EBBB7024BE50E7006E850D = {
			isa = PBXGroup;
			children = (
				D8EBBB7B24BE50E7006E850D /* updatedApp */,
				D8EBBB9524BE50E9006E850D /* updatedAppTests */,
				D8EBBBA024BE50E9006E850D /* updatedAppUITests */,
				D8EBBB7A24BE50E7006E850D /* Products */,
			);
			sourceTree = "<group>";
		};
		D8EBBB7A24BE50E7006E850D /* Products */ = {
			isa = PBXGroup;
			children = (
				D8EBBB7924BE50E7006E850D /* updatedApp.app */,
				D8EBBB9224BE50E9006E850D /* updatedAppTests.xctest */,
				D8EBBB9D24BE50E9006E850D /* updatedAppUITests.xctest */,
			);
			name = Products;
			sourceTree = "<group>";
		};
		D8EBBB7B24BE50E7006E850D /* updatedApp */ = {
			isa = PBXGroup;
			children = (
				D8EBBB7C24BE50E7006E850D /* AppDelegate.swift */,
				D8EBBB7E24BE50E7006E850D /* SceneDelegate.swift */,
				D8EBBB8024BE50E7006E850D /* ViewController.swift */,
				D8688AD124BFDD7400F3EAB8 /* RohingyaArticleViewController.swift */,
				D8EBBB8224BE50E7006E850D /* Main.storyboard */,
				D8EBBB8824BE50E9006E850D /* Assets.xcassets */,
				D8EBBB8A24BE50E9006E850D /* LaunchScreen.storyboard */,
				D8EBBB8D24BE50E9006E850D /* Info.plist */,
				D8EBBB8524BE50E7006E850D /* updatedApp.xcdatamodeld */,
			);
			path = updatedApp;
			sourceTree = "<group>";
		};
		D8EBBB9524BE50E9006E850D /* updatedAppTests */ = {
			isa = PBXGroup;
			children = (
				D8EBBB9624BE50E9006E850D /* updatedAppTests.swift */,
				D8EBBB9824BE50E9006E850D /* Info.plist */,
			);
			path = updatedAppTests;
			sourceTree = "<group>";
		};
		D8EBBBA024BE50E9006E850D /* updatedAppUITests */ = {
			isa = PBXGroup;
			children = (
				D8EBBBA124BE50E9006E850D /* updatedAppUITests.swift */,
				D8EBBBA324BE50E9006E850D /* Info.plist */,
			);
			path = updatedAppUITests;
			sourceTree = "<group>";
		};
/* End PBXGroup section */

/* Begin PBXNativeTarget section */
		D8EBBB7824BE50E7006E850D /* updatedApp */ = {
			isa = PBXNativeTarget;
			buildConfigurationList = D8EBBBA624BE50E9006E850D /* Build configuration list for PBXNativeTarget "updatedApp" */;
			buildPhases = (
				D8EBBB7524BE50E7006E850D /* Sources */,
				D8EBBB7624BE50E7006E850D /* Frameworks */,
				D8EBBB7724BE50E7006E850D /* Resources */,
			);
			buildRules = (
			);
			dependencies = (
			);
			name = updatedApp;
			productName = updatedApp;
			productReference = D8EBBB7924BE50E7006E850D /* updatedApp.app */;
			productType = "com.apple.product-type.application";
		};
		D8EBBB9124BE50E9006E850D /* updatedAppTests */ = {
			isa = PBXNativeTarget;
			buildConfigurationList = D8EBBBA924BE50E9006E850D /* Build configuration list for PBXNativeTarget "updatedAppTests" */;
			buildPhases = (
				D8EBBB8E24BE50E9006E850D /* Sources */,
				D8EBBB8F24BE50E9006E850D /* Frameworks */,
				D8EBBB9024BE50E9006E850D /* Resources */,
			);
			buildRules = (
			);
			dependencies = (
				D8EBBB9424BE50E9006E850D /* PBXTargetDependency */,
			);
			name = updatedAppTests;
			productName = updatedAppTests;
			productReference = D8EBBB9224BE50E9006E850D /* updatedAppTests.xctest */;
			productType = "com.apple.product-type.bundle.unit-test";
		};
		D8EBBB9C24BE50E9006E850D /* updatedAppUITests */ = {
			isa = PBXNativeTarget;
			buildConfigurationList = D8EBBBAC24BE50E9006E850D /* Build configuration list for PBXNativeTarget "updatedAppUITests" */;
			buildPhases = (
				D8EBBB9924BE50E9006E850D /* Sources */,
				D8EBBB9A24BE50E9006E850D /* Frameworks */,
				D8EBBB9B24BE50E9006E850D /* Resources */,
			);
			buildRules = (
			);
			dependencies = (
				D8EBBB9F24BE50E9006E850D /* PBXTargetDependency */,
			);
			name = updatedAppUITests;
			productName = updatedAppUITests;
			productReference = D8EBBB9D24BE50E9006E850D /* updatedAppUITests.xctest */;
			productType = "com.apple.product-type.bundle.ui-testing";
		};
/* End PBXNativeTarget section */

/* Begin PBXProject section */
		D8EBBB7124BE50E7006E850D /* Project object */ = {
			isa = PBXProject;
			attributes = {
				LastSwiftUpdateCheck = 1150;
				LastUpgradeCheck = 1150;
				ORGANIZATIONNAME = "Julianne Chen";
				TargetAttributes = {
					D8EBBB7824BE50E7006E850D = {
						CreatedOnToolsVersion = 11.5;
					};
					D8EBBB9124BE50E9006E850D = {
						CreatedOnToolsVersion = 11.5;
						TestTargetID = D8EBBB7824BE50E7006E850D;
					};
					D8EBBB9C24BE50E9006E850D = {
						CreatedOnToolsVersion = 11.5;
						TestTargetID = D8EBBB7824BE50E7006E850D;
					};
				};
			};
			buildConfigurationList = D8EBBB7424BE50E7006E850D /* Build configuration list for PBXProject "updatedApp" */;
			compatibilityVersion = "Xcode 9.3";
			developmentRegion = en;
			hasScannedForEncodings = 0;
			knownRegions = (
				en,
				Base,
			);
			mainGroup = D8EBBB7024BE50E7006E850D;
			productRefGroup = D8EBBB7A24BE50E7006E850D /* Products */;
			projectDirPath = "";
			projectRoot = "";
			targets = (
				D8EBBB7824BE50E7006E850D /* updatedApp */,
				D8EBBB9124BE50E9006E850D /* updatedAppTests */,
				D8EBBB9C24BE50E9006E850D /* updatedAppUITests */,
			);
		};
/* End PBXProject section */

/* Begin PBXResourcesBuildPhase section */
		D8EBBB7724BE50E7006E850D /* Resources */ = {
			isa = PBXResourcesBuildPhase;
			buildActionMask = 2147483647;
			files = (
				D8EBBB8C24BE50E9006E850D /* LaunchScreen.storyboard in Resources */,
				D8EBBB8924BE50E9006E850D /* Assets.xcassets in Resources */,
				D8EBBB8424BE50E7006E850D /* Main.storyboard in Resources */,
			);
			runOnlyForDeploymentPostprocessing = 0;
		};
		D8EBBB9024BE50E9006E850D /* Resources */ = {
			isa = PBXResourcesBuildPhase;
			buildActionMask = 2147483647;
			files = (
			);
			runOnlyForDeploymentPostprocessing = 0;
		};
		D8EBBB9B24BE50E9006E850D /* Resources */ = {
			isa = PBXResourcesBuildPhase;
			buildActionMask = 2147483647;
			files = (
			);
			runOnlyForDeploymentPostprocessing = 0;
		};
/* End PBXResourcesBuildPhase section */

/* Begin PBXSourcesBuildPhase section */
		D8EBBB7524BE50E7006E850D /* Sources */ = {
			isa = PBXSourcesBuildPhase;
			buildActionMask = 2147483647;
			files = (
				D8EBBB8124BE50E7006E850D /* ViewController.swift in Sources */,
				D8EBBB7D24BE50E7006E850D /* AppDelegate.swift in Sources */,
				D8688AD224BFDD7400F3EAB8 /* RohingyaArticleViewController.swift in Sources */,
				D8EBBB7F24BE50E7006E850D /* SceneDelegate.swift in Sources */,
				D8EBBB8724BE50E7006E850D /* updatedApp.xcdatamodeld in Sources */,
			);
			runOnlyForDeploymentPostprocessing = 0;
		};
		D8EBBB8E24BE50E9006E850D /* Sources */ = {
			isa = PBXSourcesBuildPhase;
			buildActionMask = 2147483647;
			files = (
				D8EBBB9724BE50E9006E850D /* updatedAppTests.swift in Sources */,
			);
			runOnlyForDeploymentPostprocessing = 0;
		};
		D8EBBB9924BE50E9006E850D /* Sources */ = {
			isa = PBXSourcesBuildPhase;
			buildActionMask = 2147483647;
			files = (
				D8EBBBA224BE50E9006E850D /* updatedAppUITests.swift in Sources */,
			);
			runOnlyForDeploymentPostprocessing = 0;
		};
/* End PBXSourcesBuildPhase section */

/* Begin PBXTargetDependency section */
		D8EBBB9424BE50E9006E850D /* PBXTargetDependency */ = {
			isa = PBXTargetDependency;
			target = D8EBBB7824BE50E7006E850D /* updatedApp */;
			targetProxy = D8EBBB9324BE50E9006E850D /* PBXContainerItemProxy */;
		};
		D8EBBB9F24BE50E9006E850D /* PBXTargetDependency */ = {
			isa = PBXTargetDependency;
			target = D8EBBB7824BE50E7006E850D /* updatedApp */;
			targetProxy = D8EBBB9E24BE50E9006E850D /* PBXContainerItemProxy */;
		};
/* End PBXTargetDependency section */

/* Begin PBXVariantGroup section */
		D8EBBB8224BE50E7006E850D /* Main.storyboard */ = {
			isa = PBXVariantGroup;
			children = (
				D8EBBB8324BE50E7006E850D /* Base */,
			);
			name = Main.storyboard;
			sourceTree = "<group>";
		};
		D8EBBB8A24BE50E9006E850D /* LaunchScreen.storyboard */ = {
			isa = PBXVariantGroup;
			children = (
				D8EBBB8B24BE50E9006E850D /* Base */,
			);
			name = LaunchScreen.storyboard;
			sourceTree = "<group>";
		};
/* End PBXVariantGroup section */

/* Begin XCBuildConfiguration section */
		D8EBBBA424BE50E9006E850D /* Debug */ = {
			isa = XCBuildConfiguration;
			buildSettings = {
				ALWAYS_SEARCH_USER_PATHS = NO;
				CLANG_ANALYZER_NONNULL = YES;
				CLANG_ANALYZER_NUMBER_OBJECT_CONVERSION = YES_AGGRESSIVE;
				CLANG_CXX_LANGUAGE_STANDARD = "gnu++14";
				CLANG_CXX_LIBRARY = "libc++";
				CLANG_ENABLE_MODULES = YES;
				CLANG_ENABLE_OBJC_ARC = YES;
				CLANG_ENABLE_OBJC_WEAK = YES;
				CLANG_WARN_BLOCK_CAPTURE_AUTORELEASING = YES;
				CLANG_WARN_BOOL_CONVERSION = YES;
				CLANG_WARN_COMMA = YES;
				CLANG_WARN_CONSTANT_CONVERSION = YES;
				CLANG_WARN_DEPRECATED_OBJC_IMPLEMENTATIONS = YES;
				CLANG_WARN_DIRECT_OBJC_ISA_USAGE = YES_ERROR;
				CLANG_WARN_DOCUMENTATION_COMMENTS = YES;
				CLANG_WARN_EMPTY_BODY = YES;
				CLANG_WARN_ENUM_CONVERSION = YES;
				CLANG_WARN_INFINITE_RECURSION = YES;
				CLANG_WARN_INT_CONVERSION = YES;
				CLANG_WARN_NON_LITERAL_NULL_CONVERSION = YES;
				CLANG_WARN_OBJC_IMPLICIT_RETAIN_SELF = YES;
				CLANG_WARN_OBJC_LITERAL_CONVERSION = YES;
				CLANG_WARN_OBJC_ROOT_CLASS = YES_ERROR;
				CLANG_WARN_RANGE_LOOP_ANALYSIS = YES;
				CLANG_WARN_STRICT_PROTOTYPES = YES;
				CLANG_WARN_SUSPICIOUS_MOVE = YES;
				CLANG_WARN_UNGUARDED_AVAILABILITY = YES_AGGRESSIVE;
				CLANG_WARN_UNREACHABLE_CODE = YES;
				CLANG_WARN__DUPLICATE_METHOD_MATCH = YES;
				COPY_PHASE_STRIP = NO;
				DEBUG_INFORMATION_FORMAT = dwarf;
				ENABLE_STRICT_OBJC_MSGSEND = YES;
				ENABLE_TESTABILITY = YES;
				GCC_C_LANGUAGE_STANDARD = gnu11;
				GCC_DYNAMIC_NO_PIC = NO;
				GCC_NO_COMMON_BLOCKS = YES;
				GCC_OPTIMIZATION_LEVEL = 0;
				GCC_PREPROCESSOR_DEFINITIONS = (
					"DEBUG=1",
					"$(inherited)",
				);
				GCC_WARN_64_TO_32_BIT_CONVERSION = YES;
				GCC_WARN_ABOUT_RETURN_TYPE = YES_ERROR;
				GCC_WARN_UNDECLARED_SELECTOR = YES;
				GCC_WARN_UNINITIALIZED_AUTOS = YES_AGGRESSIVE;
				GCC_WARN_UNUSED_FUNCTION = YES;
				GCC_WARN_UNUSED_VARIABLE = YES;
				IPHONEOS_DEPLOYMENT_TARGET = 13.5;
				MTL_ENABLE_DEBUG_INFO = INCLUDE_SOURCE;
				MTL_FAST_MATH = YES;
				ONLY_ACTIVE_ARCH = YES;
				SDKROOT = iphoneos;
				SWIFT_ACTIVE_COMPILATION_CONDITIONS = DEBUG;
				SWIFT_OPTIMIZATION_LEVEL = "-Onone";
			};
			name = Debug;
		};
		D8EBBBA524BE50E9006E850D /* Release */ = {
			isa = XCBuildConfiguration;
			buildSettings = {
				ALWAYS_SEARCH_USER_PATHS = NO;
				CLANG_ANALYZER_NONNULL = YES;
				CLANG_ANALYZER_NUMBER_OBJECT_CONVERSION = YES_AGGRESSIVE;
				CLANG_CXX_LANGUAGE_STANDARD = "gnu++14";
				CLANG_CXX_LIBRARY = "libc++";
				CLANG_ENABLE_MODULES = YES;
				CLANG_ENABLE_OBJC_ARC = YES;
				CLANG_ENABLE_OBJC_WEAK = YES;
				CLANG_WARN_BLOCK_CAPTURE_AUTORELEASING = YES;
				CLANG_WARN_BOOL_CONVERSION = YES;
				CLANG_WARN_COMMA = YES;
				CLANG_WARN_CONSTANT_CONVERSION = YES;
				CLANG_WARN_DEPRECATED_OBJC_IMPLEMENTATIONS = YES;
				CLANG_WARN_DIRECT_OBJC_ISA_USAGE = YES_ERROR;
				CLANG_WARN_DOCUMENTATION_COMMENTS = YES;
				CLANG_WARN_EMPTY_BODY = YES;
				CLANG_WARN_ENUM_CONVERSION = YES;
				CLANG_WARN_INFINITE_RECURSION = YES;
				CLANG_WARN_INT_CONVERSION = YES;
				CLANG_WARN_NON_LITERAL_NULL_CONVERSION = YES;
				CLANG_WARN_OBJC_IMPLICIT_RETAIN_SELF = YES;
				CLANG_WARN_OBJC_LITERAL_CONVERSION = YES;
				CLANG_WARN_OBJC_ROOT_CLASS = YES_ERROR;
				CLANG_WARN_RANGE_LOOP_ANALYSIS = YES;
				CLANG_WARN_STRICT_PROTOTYPES = YES;
				CLANG_WARN_SUSPICIOUS_MOVE = YES;
				CLANG_WARN_UNGUARDED_AVAILABILITY = YES_AGGRESSIVE;
				CLANG_WARN_UNREACHABLE_CODE = YES;
				CLANG_WARN__DUPLICATE_METHOD_MATCH = YES;
				COPY_PHASE_STRIP = NO;
				DEBUG_INFORMATION_FORMAT = "dwarf-with-dsym";
				ENABLE_NS_ASSERTIONS = NO;
				ENABLE_STRICT_OBJC_MSGSEND = YES;
				GCC_C_LANGUAGE_STANDARD = gnu11;
				GCC_NO_COMMON_BLOCKS = YES;
				GCC_WARN_64_TO_32_BIT_CONVERSION = YES;
				GCC_WARN_ABOUT_RETURN_TYPE = YES_ERROR;
				GCC_WARN_UNDECLARED_SELECTOR = YES;
				GCC_WARN_UNINITIALIZED_AUTOS = YES_AGGRESSIVE;
				GCC_WARN_UNUSED_FUNCTION = YES;
				GCC_WARN_UNUSED_VARIABLE = YES;
				IPHONEOS_DEPLOYMENT_TARGET = 13.5;
				MTL_ENABLE_DEBUG_INFO = NO;
				MTL_FAST_MATH = YES;
				SDKROOT = iphoneos;
				SWIFT_COMPILATION_MODE = wholemodule;
				SWIFT_OPTIMIZATION_LEVEL = "-O";
				VALIDATE_PRODUCT = YES;
			};
			name = Release;
		};
		D8EBBBA724BE50E9006E850D /* Debug */ = {
			isa = XCBuildConfiguration;
			buildSettings = {
				ASSETCATALOG_COMPILER_APPICON_NAME = AppIcon;
				CODE_SIGN_STYLE = Automatic;
				INFOPLIST_FILE = updatedApp/Info.plist;
				LD_RUNPATH_SEARCH_PATHS = (
					"$(inherited)",
					"@executable_path/Frameworks",
				);
				PRODUCT_BUNDLE_IDENTIFIER = "Julianne-Chen.updatedApp";
				PRODUCT_NAME = "$(TARGET_NAME)";
				SWIFT_VERSION = 5.0;
				TARGETED_DEVICE_FAMILY = "1,2";
			};
			name = Debug;
		};
		D8EBBBA824BE50E9006E850D /* Release */ = {
			isa = XCBuildConfiguration;
			buildSettings = {
				ASSETCATALOG_COMPILER_APPICON_NAME = AppIcon;
				CODE_SIGN_STYLE = Automatic;
				INFOPLIST_FILE = updatedApp/Info.plist;
				LD_RUNPATH_SEARCH_PATHS = (
					"$(inherited)",
					"@executable_path/Frameworks",
				);
				PRODUCT_BUNDLE_IDENTIFIER = "Julianne-Chen.updatedApp";
				PRODUCT_NAME = "$(TARGET_NAME)";
				SWIFT_VERSION = 5.0;
				TARGETED_DEVICE_FAMILY = "1,2";
			};
			name = Release;
		};
		D8EBBBAA24BE50E9006E850D /* Debug */ = {
			isa = XCBuildConfiguration;
			buildSettings = {
				ALWAYS_EMBED_SWIFT_STANDARD_LIBRARIES = YES;
				BUNDLE_LOADER = "$(TEST_HOST)";
				CODE_SIGN_STYLE = Automatic;
				INFOPLIST_FILE = updatedAppTests/Info.plist;
				IPHONEOS_DEPLOYMENT_TARGET = 13.5;
				LD_RUNPATH_SEARCH_PATHS = (
					"$(inherited)",
					"@executable_path/Frameworks",
					"@loader_path/Frameworks",
				);
				PRODUCT_BUNDLE_IDENTIFIER = "Julianne-Chen.updatedAppTests";
				PRODUCT_NAME = "$(TARGET_NAME)";
				SWIFT_VERSION = 5.0;
				TARGETED_DEVICE_FAMILY = "1,2";
				TEST_HOST = "$(BUILT_PRODUCTS_DIR)/updatedApp.app/updatedApp";
			};
			name = Debug;
		};
		D8EBBBAB24BE50E9006E850D /* Release */ = {
			isa = XCBuildConfiguration;
			buildSettings = {
				ALWAYS_EMBED_SWIFT_STANDARD_LIBRARIES = YES;
				BUNDLE_LOADER = "$(TEST_HOST)";
				CODE_SIGN_STYLE = Automatic;
				INFOPLIST_FILE = updatedAppTests/Info.plist;
				IPHONEOS_DEPLOYMENT_TARGET = 13.5;
				LD_RUNPATH_SEARCH_PATHS = (
					"$(inherited)",
					"@executable_path/Frameworks",
					"@loader_path/Frameworks",
				);
				PRODUCT_BUNDLE_IDENTIFIER = "Julianne-Chen.updatedAppTests";
				PRODUCT_NAME = "$(TARGET_NAME)";
				SWIFT_VERSION = 5.0;
				TARGETED_DEVICE_FAMILY = "1,2";
				TEST_HOST = "$(BUILT_PRODUCTS_DIR)/updatedApp.app/updatedApp";
			};
			name = Release;
		};
		D8EBBBAD24BE50E9006E850D /* Debug */ = {
			isa = XCBuildConfiguration;
			buildSettings = {
				ALWAYS_EMBED_SWIFT_STANDARD_LIBRARIES = YES;
				CODE_SIGN_STYLE = Automatic;
				INFOPLIST_FILE = updatedAppUITests/Info.plist;
				LD_RUNPATH_SEARCH_PATHS = (
					"$(inherited)",
					"@executable_path/Frameworks",
					"@loader_path/Frameworks",
				);
				PRODUCT_BUNDLE_IDENTIFIER = "Julianne-Chen.updatedAppUITests";
				PRODUCT_NAME = "$(TARGET_NAME)";
				SWIFT_VERSION = 5.0;
				TARGETED_DEVICE_FAMILY = "1,2";
				TEST_TARGET_NAME = updatedApp;
			};
			name = Debug;
		};
		D8EBBBAE24BE50E9006E850D /* Release */ = {
			isa = XCBuildConfiguration;
			buildSettings = {
				ALWAYS_EMBED_SWIFT_STANDARD_LIBRARIES = YES;
				CODE_SIGN_STYLE = Automatic;
				INFOPLIST_FILE = updatedAppUITests/Info.plist;
				LD_RUNPATH_SEARCH_PATHS = (
					"$(inherited)",
					"@executable_path/Frameworks",
					"@loader_path/Frameworks",
				);
				PRODUCT_BUNDLE_IDENTIFIER = "Julianne-Chen.updatedAppUITests";
				PRODUCT_NAME = "$(TARGET_NAME)";
				SWIFT_VERSION = 5.0;
				TARGETED_DEVICE_FAMILY = "1,2";
				TEST_TARGET_NAME = updatedApp;
			};
			name = Release;
		};
/* End XCBuildConfiguration section */

/* Begin XCConfigurationList section */
		D8EBBB7424BE50E7006E850D /* Build configuration list for PBXProject "updatedApp" */ = {
			isa = XCConfigurationList;
			buildConfigurations = (
				D8EBBBA424BE50E9006E850D /* Debug */,
				D8EBBBA524BE50E9006E850D /* Release */,
			);
			defaultConfigurationIsVisible = 0;
			defaultConfigurationName = Release;
		};
		D8EBBBA624BE50E9006E850D /* Build configuration list for PBXNativeTarget "updatedApp" */ = {
			isa = XCConfigurationList;
			buildConfigurations = (
				D8EBBBA724BE50E9006E850D /* Debug */,
				D8EBBBA824BE50E9006E850D /* Release */,
			);
			defaultConfigurationIsVisible = 0;
			defaultConfigurationName = Release;
		};
		D8EBBBA924BE50E9006E850D /* Build configuration list for PBXNativeTarget "updatedAppTests" */ = {
			isa = XCConfigurationList;
			buildConfigurations = (
				D8EBBBAA24BE50E9006E850D /* Debug */,
				D8EBBBAB24BE50E9006E850D /* Release */,
			);
			defaultConfigurationIsVisible = 0;
			defaultConfigurationName = Release;
		};
		D8EBBBAC24BE50E9006E850D /* Build configuration list for PBXNativeTarget "updatedAppUITests" */ = {
			isa = XCConfigurationList;
			buildConfigurations = (
				D8EBBBAD24BE50E9006E850D /* Debug */,
				D8EBBBAE24BE50E9006E850D /* Release */,
			);
			defaultConfigurationIsVisible = 0;
			defaultConfigurationName = Release;
		};
/* End XCConfigurationList section */

/* Begin XCVersionGroup section */
		D8EBBB8524BE50E7006E850D /* updatedApp.xcdatamodeld */ = {
			isa = XCVersionGroup;
			children = (
				D8EBBB8624BE50E7006E850D /* updatedApp.xcdatamodel */,
			);
			currentVersion = D8EBBB8624BE50E7006E850D /* updatedApp.xcdatamodel */;
			path = updatedApp.xcdatamodeld;
			sourceTree = "<group>";
			versionGroupType = wrapper.xcdatamodel;
		};
/* End XCVersionGroup section */
	};
	rootObject = D8EBBB7124BE50E7006E850D /* Project object */;
}
